
Microsoft Visual Studio Solution File, Format Version 12.00
# Visual Studio Version 17
VisualStudioVersion = 17.5.33516.290
MinimumVisualStudioVersion = 10.0.40219.1
Project("{FAE04EC0-301F-11D3-BF4B-00C04F79EFBC}") = "projeto_integrado", "projeto_integrado.csproj", "{04990719-C49F-4006-8D24-67289F4C328F}"
EndProject
Global
	GlobalSection(SolutionConfigurationPlatforms) = preSolution
		Debug|Any CPU = Debug|Any CPU
		Release|Any CPU = Release|Any CPU
	EndGlobalSection
	GlobalSection(ProjectConfigurationPlatforms) = postSolution
		{04990719-C49F-4006-8D24-67289F4C328F}.Debug|Any CPU.ActiveCfg = Debug|Any CPU
		{04990719-C49F-4006-8D24-67289F4C328F}.Debug|Any CPU.Build.0 = Debug|Any CPU
		{04990719-C49F-4006-8D24-67289F4C328F}.Release|Any CPU.ActiveCfg = Release|Any CPU
		{04990719-C49F-4006-8D24-67289F4C328F}.Release|Any CPU.Build.0 = Release|Any CPU
	EndGlobalSection
	GlobalSection(SolutionProperties) = preSolution
		HideSolutionNode = FALSE
	EndGlobalSection
	GlobalSection(ExtensibilityGlobals) = postSolution
		SolutionGuid = {8633EED5-CB38-4B5B-8CA4-3D23ED9DCEF5}
	EndGlobalSection
EndGlobal
